
Microsoft Visual Studio Solution File, Format Version 12.00
# Visual Studio Version 17
VisualStudioVersion = 17.3.32929.385
MinimumVisualStudioVersion = 10.0.40219.1
Project("{FAE04EC0-301F-11D3-BF4B-00C04F79EFBC}") = "Exec_For05", "Exec_For05\Exec_For05.csproj", "{6E055E51-7BF6-4634-887A-78DB50A1CE6D}"
EndProject
Global
	GlobalSection(SolutionConfigurationPlatforms) = preSolution
		Debug|Any CPU = Debug|Any CPU
		Release|Any CPU = Release|Any CPU
	EndGlobalSection
	GlobalSection(ProjectConfigurationPlatforms) = postSolution
		{6E055E51-7BF6-4634-887A-78DB50A1CE6D}.Debug|Any CPU.ActiveCfg = Debug|Any CPU
		{6E055E51-7BF6-4634-887A-78DB50A1CE6D}.Debug|Any CPU.Build.0 = Debug|Any CPU
		{6E055E51-7BF6-4634-887A-78DB50A1CE6D}.Release|Any CPU.ActiveCfg = Release|Any CPU
		{6E055E51-7BF6-4634-887A-78DB50A1CE6D}.Release|Any CPU.Build.0 = Release|Any CPU
	EndGlobalSection
	GlobalSection(SolutionProperties) = preSolution
		HideSolutionNode = FALSE
	EndGlobalSection
	GlobalSection(ExtensibilityGlobals) = postSolution
		SolutionGuid = {D7F72E0C-9E4A-44E3-B212-7A6C8027BE43}
	EndGlobalSection
EndGlobal
